
Microsoft Visual Studio Solution File, Format Version 12.00
# Visual Studio 15
VisualStudioVersion = 15.0.28307.1231
MinimumVisualStudioVersion = 10.0.40219.1
Project("{FAE04EC0-301F-11D3-BF4B-00C04F79EFBC}") = "RecipeApp2.Android", "RecipeApp2\RecipeApp2.Android\RecipeApp2.Android.csproj", "{E1050BA5-2AAB-4DBE-8652-3F96E2C51E01}"
EndProject
Project("{FAE04EC0-301F-11D3-BF4B-00C04F79EFBC}") = "RecipeApp2.iOS", "RecipeApp2\RecipeApp2.iOS\RecipeApp2.iOS.csproj", "{E6F9AA52-784A-40FC-A412-703F81834A14}"
EndProject
Project("{9A19103F-16F7-4668-BE54-9A1E7A4F7556}") = "RecipeApp2", "RecipeApp2\RecipeApp2\RecipeApp2.csproj", "{FA302001-B207-4878-BEBE-FB5E8BB3713A}"
EndProject
Global
	GlobalSection(SolutionConfigurationPlatforms) = preSolution
		Ad-Hoc|Any CPU = Ad-Hoc|Any CPU
		Ad-Hoc|iPhone = Ad-Hoc|iPhone
		Ad-Hoc|iPhoneSimulator = Ad-Hoc|iPhoneSimulator
		AppStore|Any CPU = AppStore|Any CPU
		AppStore|iPhone = AppStore|iPhone
		AppStore|iPhoneSimulator = AppStore|iPhoneSimulator
		Debug|Any CPU = Debug|Any CPU
		Debug|iPhone = Debug|iPhone
		Debug|iPhoneSimulator = Debug|iPhoneSimulator
		Release|Any CPU = Release|Any CPU
		Release|iPhone = Release|iPhone
		Release|iPhoneSimulator = Release|iPhoneSimulator
	EndGlobalSection
	GlobalSection(ProjectConfigurationPlatforms) = postSolution
		{E1050BA5-2AAB-4DBE-8652-3F96E2C51E01}.Ad-Hoc|Any CPU.ActiveCfg = Release|Any CPU
		{E1050BA5-2AAB-4DBE-8652-3F96E2C51E01}.Ad-Hoc|Any CPU.Build.0 = Release|Any CPU
		{E1050BA5-2AAB-4DBE-8652-3F96E2C51E01}.Ad-Hoc|Any CPU.Deploy.0 = Release|Any CPU
		{E1050BA5-2AAB-4DBE-8652-3F96E2C51E01}.Ad-Hoc|iPhone.ActiveCfg = Release|Any CPU
		{E1050BA5-2AAB-4DBE-8652-3F96E2C51E01}.Ad-Hoc|iPhone.Build.0 = Release|Any CPU
		{E1050BA5-2AAB-4DBE-8652-3F96E2C51E01}.Ad-Hoc|iPhone.Deploy.0 = Release|Any CPU
		{E1050BA5-2AAB-4DBE-8652-3F96E2C51E01}.Ad-Hoc|iPhoneSimulator.ActiveCfg = Release|Any CPU
		{E1050BA5-2AAB-4DBE-8652-3F96E2C51E01}.Ad-Hoc|iPhoneSimulator.Build.0 = Release|Any CPU
		{E1050BA5-2AAB-4DBE-8652-3F96E2C51E01}.Ad-Hoc|iPhoneSimulator.Deploy.0 = Release|Any CPU
		{E1050BA5-2AAB-4DBE-8652-3F96E2C51E01}.AppStore|Any CPU.ActiveCfg = Release|Any CPU
		{E1050BA5-2AAB-4DBE-8652-3F96E2C51E01}.AppStore|Any CPU.Build.0 = Release|Any CPU
		{E1050BA5-2AAB-4DBE-8652-3F96E2C51E01}.AppStore|Any CPU.Deploy.0 = Release|Any CPU
		{E1050BA5-2AAB-4DBE-8652-3F96E2C51E01}.AppStore|iPhone.ActiveCfg = Release|Any CPU
		{E1050BA5-2AAB-4DBE-8652-3F96E2C51E01}.AppStore|iPhone.Build.0 = Release|Any CPU
		{E1050BA5-2AAB-4DBE-8652-3F96E2C51E01}.AppStore|iPhone.Deploy.0 = Release|Any CPU
		{E1050BA5-2AAB-4DBE-8652-3F96E2C51E01}.AppStore|iPhoneSimulator.ActiveCfg = Release|Any CPU
		{E1050BA5-2AAB-4DBE-8652-3F96E2C51E01}.AppStore|iPhoneSimulator.Build.0 = Release|Any CPU
		{E1050BA5-2AAB-4DBE-8652-3F96E2C51E01}.AppStore|iPhoneSimulator.Deploy.0 = Release|Any CPU
		{E1050BA5-2AAB-4DBE-8652-3F96E2C51E01}.Debug|Any CPU.ActiveCfg = Debug|Any CPU
		{E1050BA5-2AAB-4DBE-8652-3F96E2C51E01}.Debug|Any CPU.Build.0 = Debug|Any CPU
		{E1050BA5-2AAB-4DBE-8652-3F96E2C51E01}.Debug|Any CPU.Deploy.0 = Debug|Any CPU
		{E1050BA5-2AAB-4DBE-8652-3F96E2C51E01}.Debug|iPhone.ActiveCfg = Debug|Any CPU
		{E1050BA5-2AAB-4DBE-8652-3F96E2C51E01}.Debug|iPhone.Build.0 = Debug|Any CPU
		{E1050BA5-2AAB-4DBE-8652-3F96E2C51E01}.Debug|iPhone.Deploy.0 = Debug|Any CPU
		{E1050BA5-2AAB-4DBE-8652-3F96E2C51E01}.Debug|iPhoneSimulator.ActiveCfg = Debug|Any CPU
		{E1050BA5-2AAB-4DBE-8652-3F96E2C51E01}.Debug|iPhoneSimulator.Build.0 = Debug|Any CPU
		{E1050BA5-2AAB-4DBE-8652-3F96E2C51E01}.Debug|iPhoneSimulator.Deploy.0 = Debug|Any CPU
		{E1050BA5-2AAB-4DBE-8652-3F96E2C51E01}.Release|Any CPU.ActiveCfg = Release|Any CPU
		{E1050BA5-2AAB-4DBE-8652-3F96E2C51E01}.Release|Any CPU.Build.0 = Release|Any CPU
		{E1050BA5-2AAB-4DBE-8652-3F96E2C51E01}.Release|Any CPU.Deploy.0 = Release|Any CPU
		{E1050BA5-2AAB-4DBE-8652-3F96E2C51E01}.Release|iPhone.ActiveCfg = Release|Any CPU
		{E1050BA5-2AAB-4DBE-8652-3F96E2C51E01}.Release|iPhone.Build.0 = Release|Any CPU
		{E1050BA5-2AAB-4DBE-8652-3F96E2C51E01}.Release|iPhone.Deploy.0 = Release|Any CPU
		{E1050BA5-2AAB-4DBE-8652-3F96E2C51E01}.Release|iPhoneSimulator.ActiveCfg = Release|Any CPU
		{E1050BA5-2AAB-4DBE-8652-3F96E2C51E01}.Release|iPhoneSimulator.Build.0 = Release|Any CPU
		{E1050BA5-2AAB-4DBE-8652-3F96E2C51E01}.Release|iPhoneSimulator.Deploy.0 = Release|Any CPU
		{E6F9AA52-784A-40FC-A412-703F81834A14}.Ad-Hoc|Any CPU.ActiveCfg = Ad-Hoc|iPhone
		{E6F9AA52-784A-40FC-A412-703F81834A14}.Ad-Hoc|Any CPU.Build.0 = Ad-Hoc|iPhone
		{E6F9AA52-784A-40FC-A412-703F81834A14}.Ad-Hoc|Any CPU.Deploy.0 = Ad-Hoc|iPhone
		{E6F9AA52-784A-40FC-A412-703F81834A14}.Ad-Hoc|iPhone.ActiveCfg = Ad-Hoc|iPhone
		{E6F9AA52-784A-40FC-A412-703F81834A14}.Ad-Hoc|iPhone.Build.0 = Ad-Hoc|iPhone
		{E6F9AA52-784A-40FC-A412-703F81834A14}.Ad-Hoc|iPhone.Deploy.0 = Ad-Hoc|iPhone
		{E6F9AA52-784A-40FC-A412-703F81834A14}.Ad-Hoc|iPhoneSimulator.ActiveCfg = Ad-Hoc|iPhoneSimulator
		{E6F9AA52-784A-40FC-A412-703F81834A14}.Ad-Hoc|iPhoneSimulator.Build.0 = Ad-Hoc|iPhoneSimulator
		{E6F9AA52-784A-40FC-A412-703F81834A14}.Ad-Hoc|iPhoneSimulator.Deploy.0 = Ad-Hoc|iPhoneSimulator
		{E6F9AA52-784A-40FC-A412-703F81834A14}.AppStore|Any CPU.ActiveCfg = AppStore|iPhone
		{E6F9AA52-784A-40FC-A412-703F81834A14}.AppStore|Any CPU.Build.0 = AppStore|iPhone
		{E6F9AA52-784A-40FC-A412-703F81834A14}.AppStore|Any CPU.Deploy.0 = AppStore|iPhone
		{E6F9AA52-784A-40FC-A412-703F81834A14}.AppStore|iPhone.ActiveCfg = AppStore|iPhone
		{E6F9AA52-784A-40FC-A412-703F81834A14}.AppStore|iPhone.Build.0 = AppStore|iPhone
		{E6F9AA52-784A-40FC-A412-703F81834A14}.AppStore|iPhone.Deploy.0 = AppStore|iPhone
		{E6F9AA52-784A-40FC-A412-703F81834A14}.AppStore|iPhoneSimulator.ActiveCfg = AppStore|iPhoneSimulator
		{E6F9AA52-784A-40FC-A412-703F81834A14}.AppStore|iPhoneSimulator.Build.0 = AppStore|iPhoneSimulator
		{E6F9AA52-784A-40FC-A412-703F81834A14}.AppStore|iPhoneSimulator.Deploy.0 = AppStore|iPhoneSimulator
		{E6F9AA52-784A-40FC-A412-703F81834A14}.Debug|Any CPU.ActiveCfg = Debug|iPhoneSimulator
		{E6F9AA52-784A-40FC-A412-703F81834A14}.Debug|Any CPU.Build.0 = Debug|iPhoneSimulator
		{E6F9AA52-784A-40FC-A412-703F81834A14}.Debug|Any CPU.Deploy.0 = Debug|iPhoneSimulator
		{E6F9AA52-784A-40FC-A412-703F81834A14}.Debug|iPhone.ActiveCfg = Debug|iPhone
		{E6F9AA52-784A-40FC-A412-703F81834A14}.Debug|iPhone.Build.0 = Debug|iPhone
		{E6F9AA52-784A-40FC-A412-703F81834A14}.Debug|iPhone.Deploy.0 = Debug|iPhone
		{E6F9AA52-784A-40FC-A412-703F81834A14}.Debug|iPhoneSimulator.ActiveCfg = Debug|iPhoneSimulator
		{E6F9AA52-784A-40FC-A412-703F81834A14}.Debug|iPhoneSimulator.Build.0 = Debug|iPhoneSimulator
		{E6F9AA52-784A-40FC-A412-703F81834A14}.Debug|iPhoneSimulator.Deploy.0 = Debug|iPhoneSimulator
		{E6F9AA52-784A-40FC-A412-703F81834A14}.Release|Any CPU.ActiveCfg = Release|iPhone
		{E6F9AA52-784A-40FC-A412-703F81834A14}.Release|Any CPU.Build.0 = Release|iPhone
		{E6F9AA52-784A-40FC-A412-703F81834A14}.Release|Any CPU.Deploy.0 = Release|iPhone
		{E6F9AA52-784A-40FC-A412-703F81834A14}.Release|iPhone.ActiveCfg = Release|iPhone
		{E6F9AA52-784A-40FC-A412-703F81834A14}.Release|iPhone.Build.0 = Release|iPhone
		{E6F9AA52-784A-40FC-A412-703F81834A14}.Release|iPhone.Deploy.0 = Release|iPhone
		{E6F9AA52-784A-40FC-A412-703F81834A14}.Release|iPhoneSimulator.ActiveCfg = Release|iPhoneSimulator
		{E6F9AA52-784A-40FC-A412-703F81834A14}.Release|iPhoneSimulator.Build.0 = Release|iPhoneSimulator
		{E6F9AA52-784A-40FC-A412-703F81834A14}.Release|iPhoneSimulator.Deploy.0 = Release|iPhoneSimulator
		{FA302001-B207-4878-BEBE-FB5E8BB3713A}.Ad-Hoc|Any CPU.ActiveCfg = Debug|Any CPU
		{FA302001-B207-4878-BEBE-FB5E8BB3713A}.Ad-Hoc|Any CPU.Build.0 = Debug|Any CPU
		{FA302001-B207-4878-BEBE-FB5E8BB3713A}.Ad-Hoc|Any CPU.Deploy.0 = Debug|Any CPU
		{FA302001-B207-4878-BEBE-FB5E8BB3713A}.Ad-Hoc|iPhone.ActiveCfg = Debug|Any CPU
		{FA302001-B207-4878-BEBE-FB5E8BB3713A}.Ad-Hoc|iPhone.Build.0 = Debug|Any CPU
		{FA302001-B207-4878-BEBE-FB5E8BB3713A}.Ad-Hoc|iPhone.Deploy.0 = Debug|Any CPU
		{FA302001-B207-4878-BEBE-FB5E8BB3713A}.Ad-Hoc|iPhoneSimulator.ActiveCfg = Debug|Any CPU
		{FA302001-B207-4878-BEBE-FB5E8BB3713A}.Ad-Hoc|iPhoneSimulator.Build.0 = Debug|Any CPU
		{FA302001-B207-4878-BEBE-FB5E8BB3713A}.Ad-Hoc|iPhoneSimulator.Deploy.0 = Debug|Any CPU
		{FA302001-B207-4878-BEBE-FB5E8BB3713A}.AppStore|Any CPU.ActiveCfg = Debug|Any CPU
		{FA302001-B207-4878-BEBE-FB5E8BB3713A}.AppStore|Any CPU.Build.0 = Debug|Any CPU
		{FA302001-B207-4878-BEBE-FB5E8BB3713A}.AppStore|Any CPU.Deploy.0 = Debug|Any CPU
		{FA302001-B207-4878-BEBE-FB5E8BB3713A}.AppStore|iPhone.ActiveCfg = Debug|Any CPU
		{FA302001-B207-4878-BEBE-FB5E8BB3713A}.AppStore|iPhone.Build.0 = Debug|Any CPU
		{FA302001-B207-4878-BEBE-FB5E8BB3713A}.AppStore|iPhone.Deploy.0 = Debug|Any CPU
		{FA302001-B207-4878-BEBE-FB5E8BB3713A}.AppStore|iPhoneSimulator.ActiveCfg = Debug|Any CPU
		{FA302001-B207-4878-BEBE-FB5E8BB3713A}.AppStore|iPhoneSimulator.Build.0 = Debug|Any CPU
		{FA302001-B207-4878-BEBE-FB5E8BB3713A}.AppStore|iPhoneSimulator.Deploy.0 = Debug|Any CPU
		{FA302001-B207-4878-BEBE-FB5E8BB3713A}.Debug|Any CPU.ActiveCfg = Debug|Any CPU
		{FA302001-B207-4878-BEBE-FB5E8BB3713A}.Debug|Any CPU.Build.0 = Debug|Any CPU
		{FA302001-B207-4878-BEBE-FB5E8BB3713A}.Debug|Any CPU.Deploy.0 = Debug|Any CPU
		{FA302001-B207-4878-BEBE-FB5E8BB3713A}.Debug|iPhone.ActiveCfg = Debug|Any CPU
		{FA302001-B207-4878-BEBE-FB5E8BB3713A}.Debug|iPhone.Build.0 = Debug|Any CPU
		{FA302001-B207-4878-BEBE-FB5E8BB3713A}.Debug|iPhone.Deploy.0 = Debug|Any CPU
		{FA302001-B207-4878-BEBE-FB5E8BB3713A}.Debug|iPhoneSimulator.ActiveCfg = Debug|Any CPU
		{FA302001-B207-4878-BEBE-FB5E8BB3713A}.Debug|iPhoneSimulator.Build.0 = Debug|Any CPU
		{FA302001-B207-4878-BEBE-FB5E8BB3713A}.Debug|iPhoneSimulator.Deploy.0 = Debug|Any CPU
		{FA302001-B207-4878-BEBE-FB5E8BB3713A}.Release|Any CPU.ActiveCfg = Release|Any CPU
		{FA302001-B207-4878-BEBE-FB5E8BB3713A}.Release|Any CPU.Build.0 = Release|Any CPU
		{FA302001-B207-4878-BEBE-FB5E8BB3713A}.Release|Any CPU.Deploy.0 = Release|Any CPU
		{FA302001-B207-4878-BEBE-FB5E8BB3713A}.Release|iPhone.ActiveCfg = Release|Any CPU
		{FA302001-B207-4878-BEBE-FB5E8BB3713A}.Release|iPhone.Build.0 = Release|Any CPU
		{FA302001-B207-4878-BEBE-FB5E8BB3713A}.Release|iPhone.Deploy.0 = Release|Any CPU
		{FA302001-B207-4878-BEBE-FB5E8BB3713A}.Release|iPhoneSimulator.ActiveCfg = Release|Any CPU
		{FA302001-B207-4878-BEBE-FB5E8BB3713A}.Release|iPhoneSimulator.Build.0 = Release|Any CPU
		{FA302001-B207-4878-BEBE-FB5E8BB3713A}.Release|iPhoneSimulator.Deploy.0 = Release|Any CPU
	EndGlobalSection
	GlobalSection(SolutionProperties) = preSolution
		HideSolutionNode = FALSE
	EndGlobalSection
	GlobalSection(ExtensibilityGlobals) = postSolution
		SolutionGuid = {1D204D1E-EDAB-438B-A659-022A1AC88D8F}
	EndGlobalSection
EndGlobal
